// !$*UTF8*$!
{
	archiveVersion = 1;
	classes = {
	};
	objectVersion = 46;
	objects = {

/* Begin PBXFileReference section */
		A1C49B2C1A057BEB003C8797 /* Balance_Kalman.c */ = {isa = PBXFileReference; fileEncoding = 4; lastKnownFileType = sourcecode.c.c; path = Balance_Kalman.c; sourceTree = "<group>"; };
		A1C49B2D1A057BEB003C8797 /* Balance_Kalman.h */ = {isa = PBXFileReference; fileEncoding = 4; lastKnownFileType = sourcecode.c.h; path = Balance_Kalman.h; sourceTree = "<group>"; };
		A1C49B2E1A057BEB003C8797 /* imu.c */ = {isa = PBXFileReference; fileEncoding = 4; lastKnownFileType = sourcecode.c.c; path = imu.c; sourceTree = "<group>"; };
		A1C49B2F1A057BEB003C8797 /* imu.h */ = {isa = PBXFileReference; fileEncoding = 4; lastKnownFileType = sourcecode.c.h; path = imu.h; sourceTree = "<group>"; };
		A1C49B301A057BEB003C8797 /* m_bus.c */ = {isa = PBXFileReference; fileEncoding = 4; lastKnownFileType = sourcecode.c.c; path = m_bus.c; sourceTree = "<group>"; };
		A1C49B311A057BEB003C8797 /* m_bus.h */ = {isa = PBXFileReference; fileEncoding = 4; lastKnownFileType = sourcecode.c.h; path = m_bus.h; sourceTree = "<group>"; };
		A1C49B321A057BEB003C8797 /* m_general.h */ = {isa = PBXFileReference; fileEncoding = 4; lastKnownFileType = sourcecode.c.h; path = m_general.h; sourceTree = "<group>"; };
		A1C49B331A057BEB003C8797 /* m_imu.c */ = {isa = PBXFileReference; fileEncoding = 4; lastKnownFileType = sourcecode.c.c; path = m_imu.c; sourceTree = "<group>"; };
		A1C49B341A057BEB003C8797 /* m_imu.h */ = {isa = PBXFileReference; fileEncoding = 4; lastKnownFileType = sourcecode.c.h; path = m_imu.h; sourceTree = "<group>"; };
		A1C49B351A057BEB003C8797 /* m_rf.c */ = {isa = PBXFileReference; fileEncoding = 4; lastKnownFileType = sourcecode.c.c; path = m_rf.c; sourceTree = "<group>"; };
		A1C49B361A057BEB003C8797 /* m_rf.h */ = {isa = PBXFileReference; fileEncoding = 4; lastKnownFileType = sourcecode.c.h; path = m_rf.h; sourceTree = "<group>"; };
		A1C49B371A057BEB003C8797 /* m_usb.c */ = {isa = PBXFileReference; fileEncoding = 4; lastKnownFileType = sourcecode.c.c; path = m_usb.c; sourceTree = "<group>"; };
		A1C49B381A057BEB003C8797 /* m_usb.h */ = {isa = PBXFileReference; fileEncoding = 4; lastKnownFileType = sourcecode.c.h; path = m_usb.h; sourceTree = "<group>"; };
		A1C49B391A057BEB003C8797 /* Makefile */ = {isa = PBXFileReference; fileEncoding = 4; lastKnownFileType = sourcecode.make; path = Makefile; sourceTree = "<group>"; };
		A1C49B3A1A057BEB003C8797 /* MIMU_to_usb.c */ = {isa = PBXFileReference; fileEncoding = 4; lastKnownFileType = sourcecode.c.c; path = MIMU_to_usb.c; sourceTree = "<group>"; };
		A1C49B3B1A057BEB003C8797 /* penn.c */ = {isa = PBXFileReference; fileEncoding = 4; lastKnownFileType = sourcecode.c.c; path = penn.c; sourceTree = "<group>"; };
		A1C49B3C1A057BEB003C8797 /* penn.h */ = {isa = PBXFileReference; fileEncoding = 4; lastKnownFileType = sourcecode.c.h; path = penn.h; sourceTree = "<group>"; };
		A1C49B3D1A057BEB003C8797 /* timers.c */ = {isa = PBXFileReference; fileEncoding = 4; lastKnownFileType = sourcecode.c.c; path = timers.c; sourceTree = "<group>"; };
		A1C49B3E1A057BEB003C8797 /* timers.h */ = {isa = PBXFileReference; fileEncoding = 4; lastKnownFileType = sourcecode.c.h; path = timers.h; sourceTree = "<group>"; };
		A1C49B3F1A057BEB003C8797 /* usb_debug.c */ = {isa = PBXFileReference; fileEncoding = 4; lastKnownFileType = sourcecode.c.c; path = usb_debug.c; sourceTree = "<group>"; };
		A1C49B401A057BEB003C8797 /* usb_debug.h */ = {isa = PBXFileReference; fileEncoding = 4; lastKnownFileType = sourcecode.c.h; path = usb_debug.h; sourceTree = "<group>"; };
		A1C49B411A057BEB003C8797 /* wireless.c */ = {isa = PBXFileReference; fileEncoding = 4; lastKnownFileType = sourcecode.c.c; path = wireless.c; sourceTree = "<group>"; };
		A1C49B421A057BEB003C8797 /* wireless.h */ = {isa = PBXFileReference; fileEncoding = 4; lastKnownFileType = sourcecode.c.h; path = wireless.h; sourceTree = "<group>"; };
/* End PBXFileReference section */

/* Begin PBXGroup section */
		A132B5311A05783900F31A78 = {
			isa = PBXGroup;
			children = (
				A1C49B431A057BFF003C8797 /* Fiene */,
				A1C49B2C1A057BEB003C8797 /* Balance_Kalman.c */,
				A1C49B2D1A057BEB003C8797 /* Balance_Kalman.h */,
				A1C49B391A057BEB003C8797 /* Makefile */,
				A1C49B3A1A057BEB003C8797 /* MIMU_to_usb.c */,
				A1C49B3B1A057BEB003C8797 /* penn.c */,
				A1C49B3C1A057BEB003C8797 /* penn.h */,
				A1C49B3D1A057BEB003C8797 /* timers.c */,
				A1C49B3E1A057BEB003C8797 /* timers.h */,
				A1C49B3F1A057BEB003C8797 /* usb_debug.c */,
				A1C49B401A057BEB003C8797 /* usb_debug.h */,
				A1C49B411A057BEB003C8797 /* wireless.c */,
				A1C49B421A057BEB003C8797 /* wireless.h */,
			);
			sourceTree = "<group>";
		};
		A1C49B431A057BFF003C8797 /* Fiene */ = {
			isa = PBXGroup;
			children = (
				A1C49B2E1A057BEB003C8797 /* imu.c */,
				A1C49B2F1A057BEB003C8797 /* imu.h */,
				A1C49B301A057BEB003C8797 /* m_bus.c */,
				A1C49B311A057BEB003C8797 /* m_bus.h */,
				A1C49B321A057BEB003C8797 /* m_general.h */,
				A1C49B331A057BEB003C8797 /* m_imu.c */,
				A1C49B341A057BEB003C8797 /* m_imu.h */,
				A1C49B351A057BEB003C8797 /* m_rf.c */,
				A1C49B361A057BEB003C8797 /* m_rf.h */,
				A1C49B371A057BEB003C8797 /* m_usb.c */,
				A1C49B381A057BEB003C8797 /* m_usb.h */,
			);
			name = Fiene;
			sourceTree = "<group>";
		};
/* End PBXGroup section */

/* Begin PBXLegacyTarget section */
		A1C49B201A057881003C8797 /* build */ = {
			isa = PBXLegacyTarget;
			buildArgumentsString = all;
			buildConfigurationList = A1C49B231A057881003C8797 /* Build configuration list for PBXLegacyTarget "build" */;
			buildPhases = (
			);
			buildToolPath = /usr/bin/make;
			buildWorkingDirectory = /Users/Fran/Websites/penn/pen;
			dependencies = (
			);
			name = build;
			passBuildSettingsInEnvironment = 1;
			productName = build;
		};
		A1C49B241A057BA1003C8797 /* flash */ = {
			isa = PBXLegacyTarget;
			buildArgumentsString = flash;
			buildConfigurationList = A1C49B251A057BA1003C8797 /* Build configuration list for PBXLegacyTarget "flash" */;
			buildPhases = (
			);
			buildToolPath = /usr/bin/make;
			buildWorkingDirectory = /Users/Fran/Websites/penn/pen;
			dependencies = (
			);
			name = flash;
			passBuildSettingsInEnvironment = 1;
			productName = flash;
		};
		A1C49B281A057BBF003C8797 /* clean */ = {
			isa = PBXLegacyTarget;
			buildArgumentsString = clean;
			buildConfigurationList = A1C49B291A057BBF003C8797 /* Build configuration list for PBXLegacyTarget "clean" */;
			buildPhases = (
			);
			buildToolPath = /usr/bin/make;
			buildWorkingDirectory = /Users/Fran/Websites/penn/pen;
			dependencies = (
			);
			name = clean;
			passBuildSettingsInEnvironment = 1;
			productName = clean;
		};
/* End PBXLegacyTarget section */

/* Begin PBXProject section */
		A132B5321A05783900F31A78 /* Project object */ = {
			isa = PBXProject;
			attributes = {
				LastUpgradeCheck = 0610;
				TargetAttributes = {
					A1C49B201A057881003C8797 = {
						CreatedOnToolsVersion = 6.1;
					};
					A1C49B241A057BA1003C8797 = {
						CreatedOnToolsVersion = 6.1;
					};
					A1C49B281A057BBF003C8797 = {
						CreatedOnToolsVersion = 6.1;
					};
				};
			};
			buildConfigurationList = A132B5351A05783900F31A78 /* Build configuration list for PBXProject "pen" */;
			compatibilityVersion = "Xcode 3.2";
			developmentRegion = English;
			hasScannedForEncodings = 0;
			knownRegions = (
				en,
			);
			mainGroup = A132B5311A05783900F31A78;
			projectDirPath = "";
			projectRoot = "";
			targets = (
				A1C49B201A057881003C8797 /* build */,
				A1C49B241A057BA1003C8797 /* flash */,
				A1C49B281A057BBF003C8797 /* clean */,
			);
		};
/* End PBXProject section */

/* Begin XCBuildConfiguration section */
		A132B5361A05783900F31A78 /* Debug */ = {
			isa = XCBuildConfiguration;
			buildSettings = {
			};
			name = Debug;
		};
		A132B5371A05783900F31A78 /* Release */ = {
			isa = XCBuildConfiguration;
			buildSettings = {
			};
			name = Release;
		};
		A1C49B211A057881003C8797 /* Debug */ = {
			isa = XCBuildConfiguration;
			buildSettings = {
				ALWAYS_SEARCH_USER_PATHS = NO;
				CLANG_CXX_LANGUAGE_STANDARD = "gnu++0x";
				CLANG_CXX_LIBRARY = "libc++";
				CLANG_ENABLE_MODULES = YES;
				CLANG_ENABLE_OBJC_ARC = YES;
				CLANG_WARN_BOOL_CONVERSION = YES;
				CLANG_WARN_CONSTANT_CONVERSION = YES;
				CLANG_WARN_DIRECT_OBJC_ISA_USAGE = YES_ERROR;
				CLANG_WARN_EMPTY_BODY = YES;
				CLANG_WARN_ENUM_CONVERSION = YES;
				CLANG_WARN_INT_CONVERSION = YES;
				CLANG_WARN_OBJC_ROOT_CLASS = YES_ERROR;
				CLANG_WARN_UNREACHABLE_CODE = YES;
				CLANG_WARN__DUPLICATE_METHOD_MATCH = YES;
				COPY_PHASE_STRIP = NO;
				DEBUGGING_SYMBOLS = YES;
				ENABLE_STRICT_OBJC_MSGSEND = YES;
				GCC_C_LANGUAGE_STANDARD = gnu99;
				GCC_DYNAMIC_NO_PIC = NO;
				GCC_GENERATE_DEBUGGING_SYMBOLS = YES;
				GCC_OPTIMIZATION_LEVEL = 0;
				GCC_PREPROCESSOR_DEFINITIONS = (
					"DEBUG=1",
					"$(inherited)",
				);
				GCC_SYMBOLS_PRIVATE_EXTERN = NO;
				GCC_WARN_64_TO_32_BIT_CONVERSION = YES;
				GCC_WARN_ABOUT_RETURN_TYPE = YES_ERROR;
				GCC_WARN_UNDECLARED_SELECTOR = YES;
				GCC_WARN_UNINITIALIZED_AUTOS = YES_AGGRESSIVE;
				GCC_WARN_UNUSED_FUNCTION = YES;
				GCC_WARN_UNUSED_VARIABLE = YES;
				MACOSX_DEPLOYMENT_TARGET = 10.10;
				MTL_ENABLE_DEBUG_INFO = YES;
				ONLY_ACTIVE_ARCH = YES;
				OTHER_CFLAGS = "";
				OTHER_LDFLAGS = "";
				PATH = "$(PATH):/usr/local/CrossPack-AVR/bin";
				PRODUCT_NAME = "$(TARGET_NAME)";
				SDKROOT = macosx;
			};
			name = Debug;
		};
		A1C49B221A057881003C8797 /* Release */ = {
			isa = XCBuildConfiguration;
			buildSettings = {
				ALWAYS_SEARCH_USER_PATHS = NO;
				CLANG_CXX_LANGUAGE_STANDARD = "gnu++0x";
				CLANG_CXX_LIBRARY = "libc++";
				CLANG_ENABLE_MODULES = YES;
				CLANG_ENABLE_OBJC_ARC = YES;
				CLANG_WARN_BOOL_CONVERSION = YES;
				CLANG_WARN_CONSTANT_CONVERSION = YES;
				CLANG_WARN_DIRECT_OBJC_ISA_USAGE = YES_ERROR;
				CLANG_WARN_EMPTY_BODY = YES;
				CLANG_WARN_ENUM_CONVERSION = YES;
				CLANG_WARN_INT_CONVERSION = YES;
				CLANG_WARN_OBJC_ROOT_CLASS = YES_ERROR;
				CLANG_WARN_UNREACHABLE_CODE = YES;
				CLANG_WARN__DUPLICATE_METHOD_MATCH = YES;
				COPY_PHASE_STRIP = YES;
				DEBUG_INFORMATION_FORMAT = "dwarf-with-dsym";
				ENABLE_NS_ASSERTIONS = NO;
				ENABLE_STRICT_OBJC_MSGSEND = YES;
				GCC_C_LANGUAGE_STANDARD = gnu99;
				GCC_WARN_64_TO_32_BIT_CONVERSION = YES;
				GCC_WARN_ABOUT_RETURN_TYPE = YES_ERROR;
				GCC_WARN_UNDECLARED_SELECTOR = YES;
				GCC_WARN_UNINITIALIZED_AUTOS = YES_AGGRESSIVE;
				GCC_WARN_UNUSED_FUNCTION = YES;
				GCC_WARN_UNUSED_VARIABLE = YES;
				MACOSX_DEPLOYMENT_TARGET = 10.10;
				MTL_ENABLE_DEBUG_INFO = NO;
				OTHER_CFLAGS = "";
				OTHER_LDFLAGS = "";
				PATH = "$(PATH):/usr/local/CrossPack-AVR/bin";
				PRODUCT_NAME = "$(TARGET_NAME)";
				SDKROOT = macosx;
			};
			name = Release;
		};
		A1C49B261A057BA1003C8797 /* Debug */ = {
			isa = XCBuildConfiguration;
			buildSettings = {
				ALWAYS_SEARCH_USER_PATHS = NO;
				CLANG_CXX_LANGUAGE_STANDARD = "gnu++0x";
				CLANG_CXX_LIBRARY = "libc++";
				CLANG_ENABLE_MODULES = YES;
				CLANG_ENABLE_OBJC_ARC = YES;
				CLANG_WARN_BOOL_CONVERSION = YES;
				CLANG_WARN_CONSTANT_CONVERSION = YES;
				CLANG_WARN_DIRECT_OBJC_ISA_USAGE = YES_ERROR;
				CLANG_WARN_EMPTY_BODY = YES;
				CLANG_WARN_ENUM_CONVERSION = YES;
				CLANG_WARN_INT_CONVERSION = YES;
				CLANG_WARN_OBJC_ROOT_CLASS = YES_ERROR;
				CLANG_WARN_UNREACHABLE_CODE = YES;
				CLANG_WARN__DUPLICATE_METHOD_MATCH = YES;
				COPY_PHASE_STRIP = NO;
				DEBUGGING_SYMBOLS = YES;
				ENABLE_STRICT_OBJC_MSGSEND = YES;
				GCC_C_LANGUAGE_STANDARD = gnu99;
				GCC_DYNAMIC_NO_PIC = NO;
				GCC_GENERATE_DEBUGGING_SYMBOLS = YES;
				GCC_OPTIMIZATION_LEVEL = 0;
				GCC_PREPROCESSOR_DEFINITIONS = (
					"DEBUG=1",
					"$(inherited)",
				);
				GCC_SYMBOLS_PRIVATE_EXTERN = NO;
				GCC_WARN_64_TO_32_BIT_CONVERSION = YES;
				GCC_WARN_ABOUT_RETURN_TYPE = YES_ERROR;
				GCC_WARN_UNDECLARED_SELECTOR = YES;
				GCC_WARN_UNINITIALIZED_AUTOS = YES_AGGRESSIVE;
				GCC_WARN_UNUSED_FUNCTION = YES;
				GCC_WARN_UNUSED_VARIABLE = YES;
				MACOSX_DEPLOYMENT_TARGET = 10.10;
				MTL_ENABLE_DEBUG_INFO = YES;
				ONLY_ACTIVE_ARCH = YES;
				OTHER_CFLAGS = "";
				OTHER_LDFLAGS = "";
				PATH = "$(PATH):/usr/local/bin";
				PRODUCT_NAME = "$(TARGET_NAME)";
				SDKROOT = macosx;
			};
			name = Debug;
		};
		A1C49B271A057BA1003C8797 /* Release */ = {
			isa = XCBuildConfiguration;
			buildSettings = {
				ALWAYS_SEARCH_USER_PATHS = NO;
				CLANG_CXX_LANGUAGE_STANDARD = "gnu++0x";
				CLANG_CXX_LIBRARY = "libc++";
				CLANG_ENABLE_MODULES = YES;
				CLANG_ENABLE_OBJC_ARC = YES;
				CLANG_WARN_BOOL_CONVERSION = YES;
				CLANG_WARN_CONSTANT_CONVERSION = YES;
				CLANG_WARN_DIRECT_OBJC_ISA_USAGE = YES_ERROR;
				CLANG_WARN_EMPTY_BODY = YES;
				CLANG_WARN_ENUM_CONVERSION = YES;
				CLANG_WARN_INT_CONVERSION = YES;
				CLANG_WARN_OBJC_ROOT_CLASS = YES_ERROR;
				CLANG_WARN_UNREACHABLE_CODE = YES;
				CLANG_WARN__DUPLICATE_METHOD_MATCH = YES;
				COPY_PHASE_STRIP = YES;
				DEBUG_INFORMATION_FORMAT = "dwarf-with-dsym";
				ENABLE_NS_ASSERTIONS = NO;
				ENABLE_STRICT_OBJC_MSGSEND = YES;
				GCC_C_LANGUAGE_STANDARD = gnu99;
				GCC_WARN_64_TO_32_BIT_CONVERSION = YES;
				GCC_WARN_ABOUT_RETURN_TYPE = YES_ERROR;
				GCC_WARN_UNDECLARED_SELECTOR = YES;
				GCC_WARN_UNINITIALIZED_AUTOS = YES_AGGRESSIVE;
				GCC_WARN_UNUSED_FUNCTION = YES;
				GCC_WARN_UNUSED_VARIABLE = YES;
				MACOSX_DEPLOYMENT_TARGET = 10.10;
				MTL_ENABLE_DEBUG_INFO = NO;
				OTHER_CFLAGS = "";
				OTHER_LDFLAGS = "";
				PATH = "$(PATH):/usr/local/bin";
				PRODUCT_NAME = "$(TARGET_NAME)";
				SDKROOT = macosx;
			};
			name = Release;
		};
		A1C49B2A1A057BBF003C8797 /* Debug */ = {
			isa = XCBuildConfiguration;
			buildSettings = {
				ALWAYS_SEARCH_USER_PATHS = NO;
				CLANG_CXX_LANGUAGE_STANDARD = "gnu++0x";
				CLANG_CXX_LIBRARY = "libc++";
				CLANG_ENABLE_MODULES = YES;
				CLANG_ENABLE_OBJC_ARC = YES;
				CLANG_WARN_BOOL_CONVERSION = YES;
				CLANG_WARN_CONSTANT_CONVERSION = YES;
				CLANG_WARN_DIRECT_OBJC_ISA_USAGE = YES_ERROR;
				CLANG_WARN_EMPTY_BODY = YES;
				CLANG_WARN_ENUM_CONVERSION = YES;
				CLANG_WARN_INT_CONVERSION = YES;
				CLANG_WARN_OBJC_ROOT_CLASS = YES_ERROR;
				CLANG_WARN_UNREACHABLE_CODE = YES;
				CLANG_WARN__DUPLICATE_METHOD_MATCH = YES;
				COPY_PHASE_STRIP = NO;
				DEBUGGING_SYMBOLS = YES;
				ENABLE_STRICT_OBJC_MSGSEND = YES;
				GCC_C_LANGUAGE_STANDARD = gnu99;
				GCC_DYNAMIC_NO_PIC = NO;
				GCC_GENERATE_DEBUGGING_SYMBOLS = YES;
				GCC_OPTIMIZATION_LEVEL = 0;
				GCC_PREPROCESSOR_DEFINITIONS = (
					"DEBUG=1",
					"$(inherited)",
				);
				GCC_SYMBOLS_PRIVATE_EXTERN = NO;
				GCC_WARN_64_TO_32_BIT_CONVERSION = YES;
				GCC_WARN_ABOUT_RETURN_TYPE = YES_ERROR;
				GCC_WARN_UNDECLARED_SELECTOR = YES;
				GCC_WARN_UNINITIALIZED_AUTOS = YES_AGGRESSIVE;
				GCC_WARN_UNUSED_FUNCTION = YES;
				GCC_WARN_UNUSED_VARIABLE = YES;
				MACOSX_DEPLOYMENT_TARGET = 10.10;
				MTL_ENABLE_DEBUG_INFO = YES;
				ONLY_ACTIVE_ARCH = YES;
				OTHER_CFLAGS = "";
				OTHER_LDFLAGS = "";
				PATH = "$(PATH):/usr/local/bin";
				PRODUCT_NAME = "$(TARGET_NAME)";
				SDKROOT = macosx;
			};
			name = Debug;
		};
		A1C49B2B1A057BBF003C8797 /* Release */ = {
			isa = XCBuildConfiguration;
			buildSettings = {
				ALWAYS_SEARCH_USER_PATHS = NO;
				CLANG_CXX_LANGUAGE_STANDARD = "gnu++0x";
				CLANG_CXX_LIBRARY = "libc++";
				CLANG_ENABLE_MODULES = YES;
				CLANG_ENABLE_OBJC_ARC = YES;
				CLANG_WARN_BOOL_CONVERSION = YES;
				CLANG_WARN_CONSTANT_CONVERSION = YES;
				CLANG_WARN_DIRECT_OBJC_ISA_USAGE = YES_ERROR;
				CLANG_WARN_EMPTY_BODY = YES;
				CLANG_WARN_ENUM_CONVERSION = YES;
				CLANG_WARN_INT_CONVERSION = YES;
				CLANG_WARN_OBJC_ROOT_CLASS = YES_ERROR;
				CLANG_WARN_UNREACHABLE_CODE = YES;
				CLANG_WARN__DUPLICATE_METHOD_MATCH = YES;
				COPY_PHASE_STRIP = YES;
				DEBUG_INFORMATION_FORMAT = "dwarf-with-dsym";
				ENABLE_NS_ASSERTIONS = NO;
				ENABLE_STRICT_OBJC_MSGSEND = YES;
				GCC_C_LANGUAGE_STANDARD = gnu99;
				GCC_WARN_64_TO_32_BIT_CONVERSION = YES;
				GCC_WARN_ABOUT_RETURN_TYPE = YES_ERROR;
				GCC_WARN_UNDECLARED_SELECTOR = YES;
				GCC_WARN_UNINITIALIZED_AUTOS = YES_AGGRESSIVE;
				GCC_WARN_UNUSED_FUNCTION = YES;
				GCC_WARN_UNUSED_VARIABLE = YES;
				MACOSX_DEPLOYMENT_TARGET = 10.10;
				MTL_ENABLE_DEBUG_INFO = NO;
				OTHER_CFLAGS = "";
				OTHER_LDFLAGS = "";
				PATH = "$(PATH):/usr/local/bin";
				PRODUCT_NAME = "$(TARGET_NAME)";
				SDKROOT = macosx;
			};
			name = Release;
		};
/* End XCBuildConfiguration section */

/* Begin XCConfigurationList section */
		A132B5351A05783900F31A78 /* Build configuration list for PBXProject "pen" */ = {
			isa = XCConfigurationList;
			buildConfigurations = (
				A132B5361A05783900F31A78 /* Debug */,
				A132B5371A05783900F31A78 /* Release */,
			);
			defaultConfigurationIsVisible = 0;
			defaultConfigurationName = Release;
		};
		A1C49B231A057881003C8797 /* Build configuration list for PBXLegacyTarget "build" */ = {
			isa = XCConfigurationList;
			buildConfigurations = (
				A1C49B211A057881003C8797 /* Debug */,
				A1C49B221A057881003C8797 /* Release */,
			);
			defaultConfigurationIsVisible = 0;
		};
		A1C49B251A057BA1003C8797 /* Build configuration list for PBXLegacyTarget "flash" */ = {
			isa = XCConfigurationList;
			buildConfigurations = (
				A1C49B261A057BA1003C8797 /* Debug */,
				A1C49B271A057BA1003C8797 /* Release */,
			);
			defaultConfigurationIsVisible = 0;
		};
		A1C49B291A057BBF003C8797 /* Build configuration list for PBXLegacyTarget "clean" */ = {
			isa = XCConfigurationList;
			buildConfigurations = (
				A1C49B2A1A057BBF003C8797 /* Debug */,
				A1C49B2B1A057BBF003C8797 /* Release */,
			);
			defaultConfigurationIsVisible = 0;
		};
/* End XCConfigurationList section */
	};
	rootObject = A132B5321A05783900F31A78 /* Project object */;
}
